
Microsoft Visual Studio Solution File, Format Version 12.00
# Visual Studio 2012
Project("{FAE04EC0-301F-11D3-BF4B-00C04F79EFBC}") = "TemplateFull", "TemplateFull\TemplateFull.csproj", "{B819AA09-6C6B-451E-AAD5-4B6FE1FA6396}"
EndProject
Project("{FAE04EC0-301F-11D3-BF4B-00C04F79EFBC}") = "TemplateFullTests", "TemplateFullTests\TemplateFullTests.csproj", "{DB8F737D-33A5-44EA-89F5-397B21DE6C6C}"
EndProject
Global
	GlobalSection(SolutionConfigurationPlatforms) = preSolution
		Debug|Any CPU = Debug|Any CPU
		Release|Any CPU = Release|Any CPU
	EndGlobalSection
	GlobalSection(ProjectConfigurationPlatforms) = postSolution
		{B819AA09-6C6B-451E-AAD5-4B6FE1FA6396}.Debug|Any CPU.ActiveCfg = Debug|Any CPU
		{B819AA09-6C6B-451E-AAD5-4B6FE1FA6396}.Debug|Any CPU.Build.0 = Debug|Any CPU
		{B819AA09-6C6B-451E-AAD5-4B6FE1FA6396}.Release|Any CPU.ActiveCfg = Release|Any CPU
		{B819AA09-6C6B-451E-AAD5-4B6FE1FA6396}.Release|Any CPU.Build.0 = Release|Any CPU
		{DB8F737D-33A5-44EA-89F5-397B21DE6C6C}.Debug|Any CPU.ActiveCfg = Debug|Any CPU
		{DB8F737D-33A5-44EA-89F5-397B21DE6C6C}.Debug|Any CPU.Build.0 = Debug|Any CPU
		{DB8F737D-33A5-44EA-89F5-397B21DE6C6C}.Release|Any CPU.ActiveCfg = Release|Any CPU
		{DB8F737D-33A5-44EA-89F5-397B21DE6C6C}.Release|Any CPU.Build.0 = Release|Any CPU
	EndGlobalSection
	GlobalSection(SolutionProperties) = preSolution
		HideSolutionNode = FALSE
	EndGlobalSection
EndGlobal
